
Microsoft Visual Studio Solution File, Format Version 12.00
# Visual Studio Version 17
VisualStudioVersion = 17.7.34202.233
MinimumVisualStudioVersion = 10.0.40219.1
Project("{9A19103F-16F7-4668-BE54-9A1E7A4F7556}") = "BlazorTrainingGD_238276", "BlazorTrainingGD_238276\BlazorTrainingGD_238276.csproj", "{BB43A188-C528-4441-A324-F638B2FAFDFC}"
EndProject
Global
	GlobalSection(SolutionConfigurationPlatforms) = preSolution
		Debug|Any CPU = Debug|Any CPU
		Release|Any CPU = Release|Any CPU
	EndGlobalSection
	GlobalSection(ProjectConfigurationPlatforms) = postSolution
		{BB43A188-C528-4441-A324-F638B2FAFDFC}.Debug|Any CPU.ActiveCfg = Debug|Any CPU
		{BB43A188-C528-4441-A324-F638B2FAFDFC}.Debug|Any CPU.Build.0 = Debug|Any CPU
		{BB43A188-C528-4441-A324-F638B2FAFDFC}.Release|Any CPU.ActiveCfg = Release|Any CPU
		{BB43A188-C528-4441-A324-F638B2FAFDFC}.Release|Any CPU.Build.0 = Release|Any CPU
	EndGlobalSection
	GlobalSection(SolutionProperties) = preSolution
		HideSolutionNode = FALSE
	EndGlobalSection
	GlobalSection(ExtensibilityGlobals) = postSolution
		SolutionGuid = {1A5AE076-60AE-4CE8-8C5D-C64683989762}
	EndGlobalSection
EndGlobal
